
Microsoft Visual Studio Solution File, Format Version 12.00
# Visual Studio Version 17
VisualStudioVersion = 17.3.32804.467
MinimumVisualStudioVersion = 10.0.40219.1
Project("{2150E333-8FDC-42A3-9474-1A3956D46DE8}") = "src", "src", "{2B00305A-6B3B-4ED6-B7B7-100160CC366C}"
EndProject
Project("{2150E333-8FDC-42A3-9474-1A3956D46DE8}") = "corePackages", "corePackages", "{6676D5D0-68B2-45FB-BC47-7693C4D4E764}"
EndProject
Project("{2150E333-8FDC-42A3-9474-1A3956D46DE8}") = "kodlamaioDevs", "kodlamaioDevs", "{017F6779-0C97-4261-AB73-A08A14EED3BC}"
EndProject
Project("{9A19103F-16F7-4668-BE54-9A1E7A4F7556}") = "Core.Application", "src\corePackages\Core.Application\Core.Application.csproj", "{19FD7B64-231A-4FE4-B8DE-6DE9DBF784BE}"
EndProject
Project("{9A19103F-16F7-4668-BE54-9A1E7A4F7556}") = "Core.Persistence", "src\corePackages\Core.Persistence\Core.Persistence.csproj", "{E32C4B1F-3F3F-4B68-937E-BBA3AE506384}"
EndProject
Project("{9A19103F-16F7-4668-BE54-9A1E7A4F7556}") = "Core.Security", "src\corePackages\Core.Security\Core.Security.csproj", "{36CEE07A-511E-47B5-B403-58B026D943D3}"
EndProject
Project("{9A19103F-16F7-4668-BE54-9A1E7A4F7556}") = "Core.CrossCuttingConcerns", "src\corePackages\Core.CrossCuttingConcerns\Core.CrossCuttingConcerns.csproj", "{E5922E2C-3D73-465C-8400-A33E7B1E0243}"
EndProject
Project("{9A19103F-16F7-4668-BE54-9A1E7A4F7556}") = "Core.ElasticSearch", "src\corePackages\Core.ElasticSearch\Core.ElasticSearch.csproj", "{F6346412-981B-4CF5-B5C3-4096B40DB2E8}"
EndProject
Project("{9A19103F-16F7-4668-BE54-9A1E7A4F7556}") = "Core.Mailing", "src\corePackages\Core.Mailing\Core.Mailing.csproj", "{7B75E665-5391-4369-A5CF-8FE3FD8FB610}"
EndProject
Project("{FAE04EC0-301F-11D3-BF4B-00C04F79EFBC}") = "Domain", "src\kodlamaioDevs\Domain\Domain.csproj", "{DF0C7E4A-0C89-4390-A49B-E9B96D2B5750}"
EndProject
Project("{FAE04EC0-301F-11D3-BF4B-00C04F79EFBC}") = "Infrastructure", "src\kodlamaioDevs\Infrastructure\Infrastructure.csproj", "{4490829A-E712-4665-ADE9-2D0C6C9F2437}"
EndProject
Project("{FAE04EC0-301F-11D3-BF4B-00C04F79EFBC}") = "Persistence", "src\kodlamaioDevs\Persistence\Persistence.csproj", "{74B0D44B-CC6A-4E5B-8F02-7F72C762BB71}"
EndProject
Project("{FAE04EC0-301F-11D3-BF4B-00C04F79EFBC}") = "Application", "src\kodlamaioDevs\Application\Application.csproj", "{217DB9DA-B453-4886-B1D7-25D7D2E658B4}"
EndProject
Project("{FAE04EC0-301F-11D3-BF4B-00C04F79EFBC}") = "WebAPI", "src\kodlamaioDevs\WebAPI\WebAPI.csproj", "{F5AFC8D0-BB41-4969-88ED-94E23CE55C4C}"
EndProject
Global
	GlobalSection(SolutionConfigurationPlatforms) = preSolution
		Debug|Any CPU = Debug|Any CPU
		Release|Any CPU = Release|Any CPU
	EndGlobalSection
	GlobalSection(ProjectConfigurationPlatforms) = postSolution
		{19FD7B64-231A-4FE4-B8DE-6DE9DBF784BE}.Debug|Any CPU.ActiveCfg = Debug|Any CPU
		{19FD7B64-231A-4FE4-B8DE-6DE9DBF784BE}.Debug|Any CPU.Build.0 = Debug|Any CPU
		{19FD7B64-231A-4FE4-B8DE-6DE9DBF784BE}.Release|Any CPU.ActiveCfg = Release|Any CPU
		{19FD7B64-231A-4FE4-B8DE-6DE9DBF784BE}.Release|Any CPU.Build.0 = Release|Any CPU
		{E32C4B1F-3F3F-4B68-937E-BBA3AE506384}.Debug|Any CPU.ActiveCfg = Debug|Any CPU
		{E32C4B1F-3F3F-4B68-937E-BBA3AE506384}.Debug|Any CPU.Build.0 = Debug|Any CPU
		{E32C4B1F-3F3F-4B68-937E-BBA3AE506384}.Release|Any CPU.ActiveCfg = Release|Any CPU
		{E32C4B1F-3F3F-4B68-937E-BBA3AE506384}.Release|Any CPU.Build.0 = Release|Any CPU
		{36CEE07A-511E-47B5-B403-58B026D943D3}.Debug|Any CPU.ActiveCfg = Debug|Any CPU
		{36CEE07A-511E-47B5-B403-58B026D943D3}.Debug|Any CPU.Build.0 = Debug|Any CPU
		{36CEE07A-511E-47B5-B403-58B026D943D3}.Release|Any CPU.ActiveCfg = Release|Any CPU
		{36CEE07A-511E-47B5-B403-58B026D943D3}.Release|Any CPU.Build.0 = Release|Any CPU
		{E5922E2C-3D73-465C-8400-A33E7B1E0243}.Debug|Any CPU.ActiveCfg = Debug|Any CPU
		{E5922E2C-3D73-465C-8400-A33E7B1E0243}.Debug|Any CPU.Build.0 = Debug|Any CPU
		{E5922E2C-3D73-465C-8400-A33E7B1E0243}.Release|Any CPU.ActiveCfg = Release|Any CPU
		{E5922E2C-3D73-465C-8400-A33E7B1E0243}.Release|Any CPU.Build.0 = Release|Any CPU
		{F6346412-981B-4CF5-B5C3-4096B40DB2E8}.Debug|Any CPU.ActiveCfg = Debug|Any CPU
		{F6346412-981B-4CF5-B5C3-4096B40DB2E8}.Debug|Any CPU.Build.0 = Debug|Any CPU
		{F6346412-981B-4CF5-B5C3-4096B40DB2E8}.Release|Any CPU.ActiveCfg = Release|Any CPU
		{F6346412-981B-4CF5-B5C3-4096B40DB2E8}.Release|Any CPU.Build.0 = Release|Any CPU
		{7B75E665-5391-4369-A5CF-8FE3FD8FB610}.Debug|Any CPU.ActiveCfg = Debug|Any CPU
		{7B75E665-5391-4369-A5CF-8FE3FD8FB610}.Debug|Any CPU.Build.0 = Debug|Any CPU
		{7B75E665-5391-4369-A5CF-8FE3FD8FB610}.Release|Any CPU.ActiveCfg = Release|Any CPU
		{7B75E665-5391-4369-A5CF-8FE3FD8FB610}.Release|Any CPU.Build.0 = Release|Any CPU
		{DF0C7E4A-0C89-4390-A49B-E9B96D2B5750}.Debug|Any CPU.ActiveCfg = Debug|Any CPU
		{DF0C7E4A-0C89-4390-A49B-E9B96D2B5750}.Debug|Any CPU.Build.0 = Debug|Any CPU
		{DF0C7E4A-0C89-4390-A49B-E9B96D2B5750}.Release|Any CPU.ActiveCfg = Release|Any CPU
		{DF0C7E4A-0C89-4390-A49B-E9B96D2B5750}.Release|Any CPU.Build.0 = Release|Any CPU
		{4490829A-E712-4665-ADE9-2D0C6C9F2437}.Debug|Any CPU.ActiveCfg = Debug|Any CPU
		{4490829A-E712-4665-ADE9-2D0C6C9F2437}.Debug|Any CPU.Build.0 = Debug|Any CPU
		{4490829A-E712-4665-ADE9-2D0C6C9F2437}.Release|Any CPU.ActiveCfg = Release|Any CPU
		{4490829A-E712-4665-ADE9-2D0C6C9F2437}.Release|Any CPU.Build.0 = Release|Any CPU
		{74B0D44B-CC6A-4E5B-8F02-7F72C762BB71}.Debug|Any CPU.ActiveCfg = Debug|Any CPU
		{74B0D44B-CC6A-4E5B-8F02-7F72C762BB71}.Debug|Any CPU.Build.0 = Debug|Any CPU
		{74B0D44B-CC6A-4E5B-8F02-7F72C762BB71}.Release|Any CPU.ActiveCfg = Release|Any CPU
		{74B0D44B-CC6A-4E5B-8F02-7F72C762BB71}.Release|Any CPU.Build.0 = Release|Any CPU
		{217DB9DA-B453-4886-B1D7-25D7D2E658B4}.Debug|Any CPU.ActiveCfg = Debug|Any CPU
		{217DB9DA-B453-4886-B1D7-25D7D2E658B4}.Debug|Any CPU.Build.0 = Debug|Any CPU
		{217DB9DA-B453-4886-B1D7-25D7D2E658B4}.Release|Any CPU.ActiveCfg = Release|Any CPU
		{217DB9DA-B453-4886-B1D7-25D7D2E658B4}.Release|Any CPU.Build.0 = Release|Any CPU
		{F5AFC8D0-BB41-4969-88ED-94E23CE55C4C}.Debug|Any CPU.ActiveCfg = Debug|Any CPU
		{F5AFC8D0-BB41-4969-88ED-94E23CE55C4C}.Debug|Any CPU.Build.0 = Debug|Any CPU
		{F5AFC8D0-BB41-4969-88ED-94E23CE55C4C}.Release|Any CPU.ActiveCfg = Release|Any CPU
		{F5AFC8D0-BB41-4969-88ED-94E23CE55C4C}.Release|Any CPU.Build.0 = Release|Any CPU
	EndGlobalSection
	GlobalSection(SolutionProperties) = preSolution
		HideSolutionNode = FALSE
	EndGlobalSection
	GlobalSection(NestedProjects) = preSolution
		{6676D5D0-68B2-45FB-BC47-7693C4D4E764} = {2B00305A-6B3B-4ED6-B7B7-100160CC366C}
		{017F6779-0C97-4261-AB73-A08A14EED3BC} = {2B00305A-6B3B-4ED6-B7B7-100160CC366C}
		{19FD7B64-231A-4FE4-B8DE-6DE9DBF784BE} = {6676D5D0-68B2-45FB-BC47-7693C4D4E764}
		{E32C4B1F-3F3F-4B68-937E-BBA3AE506384} = {6676D5D0-68B2-45FB-BC47-7693C4D4E764}
		{36CEE07A-511E-47B5-B403-58B026D943D3} = {6676D5D0-68B2-45FB-BC47-7693C4D4E764}
		{E5922E2C-3D73-465C-8400-A33E7B1E0243} = {6676D5D0-68B2-45FB-BC47-7693C4D4E764}
		{F6346412-981B-4CF5-B5C3-4096B40DB2E8} = {6676D5D0-68B2-45FB-BC47-7693C4D4E764}
		{7B75E665-5391-4369-A5CF-8FE3FD8FB610} = {6676D5D0-68B2-45FB-BC47-7693C4D4E764}
		{DF0C7E4A-0C89-4390-A49B-E9B96D2B5750} = {017F6779-0C97-4261-AB73-A08A14EED3BC}
		{4490829A-E712-4665-ADE9-2D0C6C9F2437} = {017F6779-0C97-4261-AB73-A08A14EED3BC}
		{74B0D44B-CC6A-4E5B-8F02-7F72C762BB71} = {017F6779-0C97-4261-AB73-A08A14EED3BC}
		{217DB9DA-B453-4886-B1D7-25D7D2E658B4} = {017F6779-0C97-4261-AB73-A08A14EED3BC}
		{F5AFC8D0-BB41-4969-88ED-94E23CE55C4C} = {017F6779-0C97-4261-AB73-A08A14EED3BC}
	EndGlobalSection
	GlobalSection(ExtensibilityGlobals) = postSolution
		SolutionGuid = {825C8C75-8797-4F71-B3F2-EC87EB496AC6}
	EndGlobalSection
EndGlobal
